
Microsoft Visual Studio Solution File, Format Version 12.00
# Visual Studio Version 16
VisualStudioVersion = 16.0.31321.278
MinimumVisualStudioVersion = 10.0.40219.1
Project("{FAE04EC0-301F-11D3-BF4B-00C04F79EFBC}") = "ConsolaQuintoGH", "ConsolaQuintoGH\ConsolaQuintoGH.csproj", "{97701AFC-C1D1-457B-B0BD-F36952C2866E}"
EndProject
Global
	GlobalSection(SolutionConfigurationPlatforms) = preSolution
		Debug|Any CPU = Debug|Any CPU
		Release|Any CPU = Release|Any CPU
	EndGlobalSection
	GlobalSection(ProjectConfigurationPlatforms) = postSolution
		{97701AFC-C1D1-457B-B0BD-F36952C2866E}.Debug|Any CPU.ActiveCfg = Debug|Any CPU
		{97701AFC-C1D1-457B-B0BD-F36952C2866E}.Debug|Any CPU.Build.0 = Debug|Any CPU
		{97701AFC-C1D1-457B-B0BD-F36952C2866E}.Release|Any CPU.ActiveCfg = Release|Any CPU
		{97701AFC-C1D1-457B-B0BD-F36952C2866E}.Release|Any CPU.Build.0 = Release|Any CPU
	EndGlobalSection
	GlobalSection(SolutionProperties) = preSolution
		HideSolutionNode = FALSE
	EndGlobalSection
	GlobalSection(ExtensibilityGlobals) = postSolution
		SolutionGuid = {15FBC8CC-EC02-4F68-9A7B-B5C3439BC8D1}
	EndGlobalSection
EndGlobal
